{
    "_meta": {
        "hash": {
            "sha256": "696eb32f398baf03862be0613ef5f7c326eccca14277ba9fed34b594ae3e4c60"
        },
        "requires": {},
        "sources": [
            {
                "url": "https://pypi.python.org/simple",
                "verify_ssl": true
            }
        ]
    },
    "default": {
        "pysdl2": {
            "version": "==0.9.5"
        }
    },
    "develop": {}
}
